
Microsoft Visual Studio Solution File, Format Version 12.00
# Visual Studio Version 17
VisualStudioVersion = 17.0.31912.275
MinimumVisualStudioVersion = 10.0.40219.1
Project("{FAE04EC0-301F-11D3-BF4B-00C04F79EFBC}") = "YouOweMe.Forms", "YouOweMe.Forms\YouOweMe.Forms.csproj", "{A8962B62-7FFB-4CA5-A994-D6267986F604}"
EndProject
Global
	GlobalSection(SolutionConfigurationPlatforms) = preSolution
		Debug|Any CPU = Debug|Any CPU
		Release|Any CPU = Release|Any CPU
	EndGlobalSection
	GlobalSection(ProjectConfigurationPlatforms) = postSolution
		{A8962B62-7FFB-4CA5-A994-D6267986F604}.Debug|Any CPU.ActiveCfg = Debug|Any CPU
		{A8962B62-7FFB-4CA5-A994-D6267986F604}.Debug|Any CPU.Build.0 = Debug|Any CPU
		{A8962B62-7FFB-4CA5-A994-D6267986F604}.Release|Any CPU.ActiveCfg = Release|Any CPU
		{A8962B62-7FFB-4CA5-A994-D6267986F604}.Release|Any CPU.Build.0 = Release|Any CPU
	EndGlobalSection
	GlobalSection(SolutionProperties) = preSolution
		HideSolutionNode = FALSE
	EndGlobalSection
	GlobalSection(ExtensibilityGlobals) = postSolution
		SolutionGuid = {E5C2B6E5-BAB8-4089-9E56-5ED6912B8CB3}
	EndGlobalSection
EndGlobal
